
Microsoft Visual Studio Solution File, Format Version 12.00
# Visual Studio Version 17
VisualStudioVersion = 17.4.33110.190
MinimumVisualStudioVersion = 10.0.40219.1
Project("{9A19103F-16F7-4668-BE54-9A1E7A4F7556}") = "OnlineStore.Api", "OnlineStore.Api\OnlineStore.Api.csproj", "{9DC4FC32-B42E-44AF-B7D0-F9AD6EE6E012}"
EndProject
Project("{FAE04EC0-301F-11D3-BF4B-00C04F79EFBC}") = "OnlineStore.Domain", "OnlineStore.Domain\OnlineStore.Domain.csproj", "{6532DD18-DF7B-4DFF-9F19-3D844EDB02EF}"
EndProject
Project("{FAE04EC0-301F-11D3-BF4B-00C04F79EFBC}") = "OnlineStore.Infrastructure", "OnlineStore.Infrastructure\OnlineStore.Infrastructure.csproj", "{65D1BA20-6958-4FC7-A218-09DFF230B769}"
EndProject
Global
	GlobalSection(SolutionConfigurationPlatforms) = preSolution
		Debug|Any CPU = Debug|Any CPU
		Release|Any CPU = Release|Any CPU
	EndGlobalSection
	GlobalSection(ProjectConfigurationPlatforms) = postSolution
		{9DC4FC32-B42E-44AF-B7D0-F9AD6EE6E012}.Debug|Any CPU.ActiveCfg = Debug|Any CPU
		{9DC4FC32-B42E-44AF-B7D0-F9AD6EE6E012}.Debug|Any CPU.Build.0 = Debug|Any CPU
		{9DC4FC32-B42E-44AF-B7D0-F9AD6EE6E012}.Release|Any CPU.ActiveCfg = Release|Any CPU
		{9DC4FC32-B42E-44AF-B7D0-F9AD6EE6E012}.Release|Any CPU.Build.0 = Release|Any CPU
		{6532DD18-DF7B-4DFF-9F19-3D844EDB02EF}.Debug|Any CPU.ActiveCfg = Debug|Any CPU
		{6532DD18-DF7B-4DFF-9F19-3D844EDB02EF}.Debug|Any CPU.Build.0 = Debug|Any CPU
		{6532DD18-DF7B-4DFF-9F19-3D844EDB02EF}.Release|Any CPU.ActiveCfg = Release|Any CPU
		{6532DD18-DF7B-4DFF-9F19-3D844EDB02EF}.Release|Any CPU.Build.0 = Release|Any CPU
		{65D1BA20-6958-4FC7-A218-09DFF230B769}.Debug|Any CPU.ActiveCfg = Debug|Any CPU
		{65D1BA20-6958-4FC7-A218-09DFF230B769}.Debug|Any CPU.Build.0 = Debug|Any CPU
		{65D1BA20-6958-4FC7-A218-09DFF230B769}.Release|Any CPU.ActiveCfg = Release|Any CPU
		{65D1BA20-6958-4FC7-A218-09DFF230B769}.Release|Any CPU.Build.0 = Release|Any CPU
	EndGlobalSection
	GlobalSection(SolutionProperties) = preSolution
		HideSolutionNode = FALSE
	EndGlobalSection
	GlobalSection(ExtensibilityGlobals) = postSolution
		SolutionGuid = {211FA505-2652-4AFF-A7AE-BF839B42091E}
	EndGlobalSection
EndGlobal
